
Microsoft Visual Studio Solution File, Format Version 12.00
# Visual Studio Version 17
VisualStudioVersion = 17.5.33424.131
MinimumVisualStudioVersion = 10.0.40219.1
Project("{FAE04EC0-301F-11D3-BF4B-00C04F79EFBC}") = "LAB2", "LAB2\LAB2.csproj", "{2B199F0E-5F19-495F-87D3-B60BF37B6196}"
EndProject
Global
	GlobalSection(SolutionConfigurationPlatforms) = preSolution
		Debug|Any CPU = Debug|Any CPU
		Release|Any CPU = Release|Any CPU
	EndGlobalSection
	GlobalSection(ProjectConfigurationPlatforms) = postSolution
		{2B199F0E-5F19-495F-87D3-B60BF37B6196}.Debug|Any CPU.ActiveCfg = Debug|Any CPU
		{2B199F0E-5F19-495F-87D3-B60BF37B6196}.Debug|Any CPU.Build.0 = Debug|Any CPU
		{2B199F0E-5F19-495F-87D3-B60BF37B6196}.Release|Any CPU.ActiveCfg = Release|Any CPU
		{2B199F0E-5F19-495F-87D3-B60BF37B6196}.Release|Any CPU.Build.0 = Release|Any CPU
	EndGlobalSection
	GlobalSection(SolutionProperties) = preSolution
		HideSolutionNode = FALSE
	EndGlobalSection
	GlobalSection(ExtensibilityGlobals) = postSolution
		SolutionGuid = {695B21AA-129B-4E1E-9123-0C62E76BDA38}
	EndGlobalSection
EndGlobal
